
Microsoft Visual Studio Solution File, Format Version 12.00
# Visual Studio Version 17
VisualStudioVersion = 17.14.37012.4 d17.14
MinimumVisualStudioVersion = 10.0.40219.1
Project("{FAE04EC0-301F-11D3-BF4B-00C04F79EFBC}") = "FleetPulse", "FleetPulse.csproj", "{DF8E8A7B-D7BA-8C97-BACE-CFF9761EEBCA}"
EndProject
Global
	GlobalSection(SolutionConfigurationPlatforms) = preSolution
		Debug|Any CPU = Debug|Any CPU
		Release|Any CPU = Release|Any CPU
	EndGlobalSection
	GlobalSection(ProjectConfigurationPlatforms) = postSolution
		{DF8E8A7B-D7BA-8C97-BACE-CFF9761EEBCA}.Debug|Any CPU.ActiveCfg = Debug|Any CPU
		{DF8E8A7B-D7BA-8C97-BACE-CFF9761EEBCA}.Debug|Any CPU.Build.0 = Debug|Any CPU
		{DF8E8A7B-D7BA-8C97-BACE-CFF9761EEBCA}.Release|Any CPU.ActiveCfg = Release|Any CPU
		{DF8E8A7B-D7BA-8C97-BACE-CFF9761EEBCA}.Release|Any CPU.Build.0 = Release|Any CPU
	EndGlobalSection
	GlobalSection(SolutionProperties) = preSolution
		HideSolutionNode = FALSE
	EndGlobalSection
	GlobalSection(ExtensibilityGlobals) = postSolution
		SolutionGuid = {DE04DCE9-47C2-47E1-BC4A-BFE2FE6ACCFD}
	EndGlobalSection
EndGlobal
